
Microsoft Visual Studio Solution File, Format Version 12.00
# Visual Studio 14
VisualStudioVersion = 14.0.25420.1
MinimumVisualStudioVersion = 10.0.40219.1
Project("{FAE04EC0-301F-11D3-BF4B-00C04F79EFBC}") = "Brain", "Brain\Brain.csproj", "{CBA0F9AB-472D-4CB0-84B7-7D4F391039E5}"
EndProject
Project("{FAE04EC0-301F-11D3-BF4B-00C04F79EFBC}") = "Brain.Tests", "Brain.Tests\Brain.Tests.csproj", "{3C2B3196-B684-491E-8819-CCCA39DA57C0}"
EndProject
Project("{FAE04EC0-301F-11D3-BF4B-00C04F79EFBC}") = "Maths", "Maths\Maths.csproj", "{D2A14E18-C8E0-4A24-9C50-67A166ECDFBC}"
EndProject
Project("{FAE04EC0-301F-11D3-BF4B-00C04F79EFBC}") = "Maths.tests", "Maths.tests\Maths.tests.csproj", "{FE5FF8E7-638C-41F7-860A-6B52F2F3729C}"
EndProject
Project("{FAE04EC0-301F-11D3-BF4B-00C04F79EFBC}") = "Vision", "Vision\Vision.csproj", "{451229C3-18F7-493C-BA77-32A87C2A5924}"
EndProject
Project("{FAE04EC0-301F-11D3-BF4B-00C04F79EFBC}") = "Genetic", "Genetic\Genetic.csproj", "{5D5DCEA8-1276-40E6-9B94-FCD5A4A38D59}"
EndProject
Project("{FAE04EC0-301F-11D3-BF4B-00C04F79EFBC}") = "DesktopPresentation", "DesktopPresentation\DesktopPresentation.csproj", "{D5561C7F-5EFC-4998-810F-1600689514F1}"
EndProject
Project("{FAE04EC0-301F-11D3-BF4B-00C04F79EFBC}") = "Automata", "Automata\Automata.csproj", "{56C6F284-9031-4F99-9807-802C07879497}"
EndProject
Global
	GlobalSection(SolutionConfigurationPlatforms) = preSolution
		Debug|Any CPU = Debug|Any CPU
		Release|Any CPU = Release|Any CPU
	EndGlobalSection
	GlobalSection(ProjectConfigurationPlatforms) = postSolution
		{CBA0F9AB-472D-4CB0-84B7-7D4F391039E5}.Debug|Any CPU.ActiveCfg = Debug|Any CPU
		{CBA0F9AB-472D-4CB0-84B7-7D4F391039E5}.Debug|Any CPU.Build.0 = Debug|Any CPU
		{CBA0F9AB-472D-4CB0-84B7-7D4F391039E5}.Release|Any CPU.ActiveCfg = Release|Any CPU
		{CBA0F9AB-472D-4CB0-84B7-7D4F391039E5}.Release|Any CPU.Build.0 = Release|Any CPU
		{3C2B3196-B684-491E-8819-CCCA39DA57C0}.Debug|Any CPU.ActiveCfg = Debug|Any CPU
		{3C2B3196-B684-491E-8819-CCCA39DA57C0}.Debug|Any CPU.Build.0 = Debug|Any CPU
		{3C2B3196-B684-491E-8819-CCCA39DA57C0}.Release|Any CPU.ActiveCfg = Release|Any CPU
		{3C2B3196-B684-491E-8819-CCCA39DA57C0}.Release|Any CPU.Build.0 = Release|Any CPU
		{D2A14E18-C8E0-4A24-9C50-67A166ECDFBC}.Debug|Any CPU.ActiveCfg = Debug|Any CPU
		{D2A14E18-C8E0-4A24-9C50-67A166ECDFBC}.Debug|Any CPU.Build.0 = Debug|Any CPU
		{D2A14E18-C8E0-4A24-9C50-67A166ECDFBC}.Release|Any CPU.ActiveCfg = Release|Any CPU
		{D2A14E18-C8E0-4A24-9C50-67A166ECDFBC}.Release|Any CPU.Build.0 = Release|Any CPU
		{FE5FF8E7-638C-41F7-860A-6B52F2F3729C}.Debug|Any CPU.ActiveCfg = Debug|Any CPU
		{FE5FF8E7-638C-41F7-860A-6B52F2F3729C}.Debug|Any CPU.Build.0 = Debug|Any CPU
		{FE5FF8E7-638C-41F7-860A-6B52F2F3729C}.Release|Any CPU.ActiveCfg = Release|Any CPU
		{FE5FF8E7-638C-41F7-860A-6B52F2F3729C}.Release|Any CPU.Build.0 = Release|Any CPU
		{451229C3-18F7-493C-BA77-32A87C2A5924}.Debug|Any CPU.ActiveCfg = Debug|Any CPU
		{451229C3-18F7-493C-BA77-32A87C2A5924}.Debug|Any CPU.Build.0 = Debug|Any CPU
		{451229C3-18F7-493C-BA77-32A87C2A5924}.Release|Any CPU.ActiveCfg = Release|Any CPU
		{451229C3-18F7-493C-BA77-32A87C2A5924}.Release|Any CPU.Build.0 = Release|Any CPU
		{5D5DCEA8-1276-40E6-9B94-FCD5A4A38D59}.Debug|Any CPU.ActiveCfg = Debug|Any CPU
		{5D5DCEA8-1276-40E6-9B94-FCD5A4A38D59}.Debug|Any CPU.Build.0 = Debug|Any CPU
		{5D5DCEA8-1276-40E6-9B94-FCD5A4A38D59}.Release|Any CPU.ActiveCfg = Release|Any CPU
		{5D5DCEA8-1276-40E6-9B94-FCD5A4A38D59}.Release|Any CPU.Build.0 = Release|Any CPU
		{D5561C7F-5EFC-4998-810F-1600689514F1}.Debug|Any CPU.ActiveCfg = Debug|Any CPU
		{D5561C7F-5EFC-4998-810F-1600689514F1}.Debug|Any CPU.Build.0 = Debug|Any CPU
		{D5561C7F-5EFC-4998-810F-1600689514F1}.Release|Any CPU.ActiveCfg = Release|Any CPU
		{D5561C7F-5EFC-4998-810F-1600689514F1}.Release|Any CPU.Build.0 = Release|Any CPU
		{56C6F284-9031-4F99-9807-802C07879497}.Debug|Any CPU.ActiveCfg = Debug|Any CPU
		{56C6F284-9031-4F99-9807-802C07879497}.Debug|Any CPU.Build.0 = Debug|Any CPU
		{56C6F284-9031-4F99-9807-802C07879497}.Release|Any CPU.ActiveCfg = Release|Any CPU
		{56C6F284-9031-4F99-9807-802C07879497}.Release|Any CPU.Build.0 = Release|Any CPU
	EndGlobalSection
	GlobalSection(SolutionProperties) = preSolution
		HideSolutionNode = FALSE
	EndGlobalSection
EndGlobal
