
Microsoft Visual Studio Solution File, Format Version 12.00
# Visual Studio 15
VisualStudioVersion = 15.0.27004.2006
MinimumVisualStudioVersion = 10.0.40219.1
Project("{9A19103F-16F7-4668-BE54-9A1E7A4F7556}") = "VI.ParallelComputing", "VI.ParallelComputing\VI.ParallelComputing.csproj", "{A8389A15-0F02-4F7E-BE72-FFB680FECC6C}"
EndProject
Project("{9A19103F-16F7-4668-BE54-9A1E7A4F7556}") = "VI.Maths", "VI.Maths\VI.Maths.csproj", "{8453F428-5A3D-4532-A9CC-4F4E41E07192}"
EndProject
Project("{9A19103F-16F7-4668-BE54-9A1E7A4F7556}") = "VI.NumSharp", "VI.NumSharp\VI.NumSharp.csproj", "{945410AC-9D2E-4255-8524-5E3203469947}"
EndProject
Project("{9A19103F-16F7-4668-BE54-9A1E7A4F7556}") = "VI.Neural", "VI.Neural\VI.Neural.csproj", "{684B349A-83BA-4A1C-B534-737AD86FC942}"
EndProject
Project("{FAE04EC0-301F-11D3-BF4B-00C04F79EFBC}") = "VI.Vision", "VI.Vision\VI.Vision.csproj", "{0845B2DA-9A52-4C3B-8DFB-EF6EBEB612AE}"
EndProject
Global
	GlobalSection(SolutionConfigurationPlatforms) = preSolution
		Debug|Any CPU = Debug|Any CPU
		Debug|x64 = Debug|x64
		Release|Any CPU = Release|Any CPU
		Release|x64 = Release|x64
	EndGlobalSection
	GlobalSection(ProjectConfigurationPlatforms) = postSolution
		{A8389A15-0F02-4F7E-BE72-FFB680FECC6C}.Debug|Any CPU.ActiveCfg = Debug|Any CPU
		{A8389A15-0F02-4F7E-BE72-FFB680FECC6C}.Debug|Any CPU.Build.0 = Debug|Any CPU
		{A8389A15-0F02-4F7E-BE72-FFB680FECC6C}.Debug|x64.ActiveCfg = Debug|x64
		{A8389A15-0F02-4F7E-BE72-FFB680FECC6C}.Debug|x64.Build.0 = Debug|x64
		{A8389A15-0F02-4F7E-BE72-FFB680FECC6C}.Release|Any CPU.ActiveCfg = Release|Any CPU
		{A8389A15-0F02-4F7E-BE72-FFB680FECC6C}.Release|Any CPU.Build.0 = Release|Any CPU
		{A8389A15-0F02-4F7E-BE72-FFB680FECC6C}.Release|x64.ActiveCfg = Release|x64
		{A8389A15-0F02-4F7E-BE72-FFB680FECC6C}.Release|x64.Build.0 = Release|x64
		{8453F428-5A3D-4532-A9CC-4F4E41E07192}.Debug|Any CPU.ActiveCfg = Debug|Any CPU
		{8453F428-5A3D-4532-A9CC-4F4E41E07192}.Debug|Any CPU.Build.0 = Debug|Any CPU
		{8453F428-5A3D-4532-A9CC-4F4E41E07192}.Debug|x64.ActiveCfg = Debug|x64
		{8453F428-5A3D-4532-A9CC-4F4E41E07192}.Debug|x64.Build.0 = Debug|x64
		{8453F428-5A3D-4532-A9CC-4F4E41E07192}.Release|Any CPU.ActiveCfg = Release|Any CPU
		{8453F428-5A3D-4532-A9CC-4F4E41E07192}.Release|Any CPU.Build.0 = Release|Any CPU
		{8453F428-5A3D-4532-A9CC-4F4E41E07192}.Release|x64.ActiveCfg = Release|x64
		{8453F428-5A3D-4532-A9CC-4F4E41E07192}.Release|x64.Build.0 = Release|x64
		{945410AC-9D2E-4255-8524-5E3203469947}.Debug|Any CPU.ActiveCfg = Debug|Any CPU
		{945410AC-9D2E-4255-8524-5E3203469947}.Debug|Any CPU.Build.0 = Debug|Any CPU
		{945410AC-9D2E-4255-8524-5E3203469947}.Debug|x64.ActiveCfg = Debug|x64
		{945410AC-9D2E-4255-8524-5E3203469947}.Debug|x64.Build.0 = Debug|x64
		{945410AC-9D2E-4255-8524-5E3203469947}.Release|Any CPU.ActiveCfg = Release|Any CPU
		{945410AC-9D2E-4255-8524-5E3203469947}.Release|Any CPU.Build.0 = Release|Any CPU
		{945410AC-9D2E-4255-8524-5E3203469947}.Release|x64.ActiveCfg = Release|x64
		{945410AC-9D2E-4255-8524-5E3203469947}.Release|x64.Build.0 = Release|x64
		{684B349A-83BA-4A1C-B534-737AD86FC942}.Debug|Any CPU.ActiveCfg = Debug|Any CPU
		{684B349A-83BA-4A1C-B534-737AD86FC942}.Debug|Any CPU.Build.0 = Debug|Any CPU
		{684B349A-83BA-4A1C-B534-737AD86FC942}.Debug|x64.ActiveCfg = Debug|x64
		{684B349A-83BA-4A1C-B534-737AD86FC942}.Debug|x64.Build.0 = Debug|x64
		{684B349A-83BA-4A1C-B534-737AD86FC942}.Release|Any CPU.ActiveCfg = Release|Any CPU
		{684B349A-83BA-4A1C-B534-737AD86FC942}.Release|Any CPU.Build.0 = Release|Any CPU
		{684B349A-83BA-4A1C-B534-737AD86FC942}.Release|x64.ActiveCfg = Release|x64
		{684B349A-83BA-4A1C-B534-737AD86FC942}.Release|x64.Build.0 = Release|x64
		{0845B2DA-9A52-4C3B-8DFB-EF6EBEB612AE}.Debug|Any CPU.ActiveCfg = Debug|Any CPU
		{0845B2DA-9A52-4C3B-8DFB-EF6EBEB612AE}.Debug|Any CPU.Build.0 = Debug|Any CPU
		{0845B2DA-9A52-4C3B-8DFB-EF6EBEB612AE}.Debug|x64.ActiveCfg = Debug|Any CPU
		{0845B2DA-9A52-4C3B-8DFB-EF6EBEB612AE}.Debug|x64.Build.0 = Debug|Any CPU
		{0845B2DA-9A52-4C3B-8DFB-EF6EBEB612AE}.Release|Any CPU.ActiveCfg = Release|Any CPU
		{0845B2DA-9A52-4C3B-8DFB-EF6EBEB612AE}.Release|Any CPU.Build.0 = Release|Any CPU
		{0845B2DA-9A52-4C3B-8DFB-EF6EBEB612AE}.Release|x64.ActiveCfg = Release|Any CPU
		{0845B2DA-9A52-4C3B-8DFB-EF6EBEB612AE}.Release|x64.Build.0 = Release|Any CPU
	EndGlobalSection
	GlobalSection(SolutionProperties) = preSolution
		HideSolutionNode = FALSE
	EndGlobalSection
	GlobalSection(ExtensibilityGlobals) = postSolution
		SolutionGuid = {2B8A0631-A184-4AFF-8D32-D835CBF30805}
	EndGlobalSection
EndGlobal
