
Microsoft Visual Studio Solution File, Format Version 12.00
# Visual Studio 15
VisualStudioVersion = 15.0.27004.2006
MinimumVisualStudioVersion = 10.0.40219.1
Project("{9A19103F-16F7-4668-BE54-9A1E7A4F7556}") = "VI.ParallelComputing", "VI.ParallelComputing\VI.ParallelComputing.csproj", "{A8389A15-0F02-4F7E-BE72-FFB680FECC6C}"
EndProject
Project("{9A19103F-16F7-4668-BE54-9A1E7A4F7556}") = "VI.Maths", "VI.Maths\VI.Maths.csproj", "{8453F428-5A3D-4532-A9CC-4F4E41E07192}"
EndProject
Project("{9A19103F-16F7-4668-BE54-9A1E7A4F7556}") = "VI.NumSharp", "VI.NumSharp\VI.NumSharp.csproj", "{945410AC-9D2E-4255-8524-5E3203469947}"
EndProject
Project("{9A19103F-16F7-4668-BE54-9A1E7A4F7556}") = "VI.Neural", "VI.Neural\VI.Neural.csproj", "{684B349A-83BA-4A1C-B534-737AD86FC942}"
EndProject
Project("{9A19103F-16F7-4668-BE54-9A1E7A4F7556}") = "VI.Data", "VI.Data\VI.Data.csproj", "{2D1D2592-3DA2-4AA4-8A41-7E7EB2603734}"
EndProject
Project("{9A19103F-16F7-4668-BE54-9A1E7A4F7556}") = "ConsoleApp1", "ConsoleApp1\ConsoleApp1.csproj", "{0F67B901-A4A5-455A-A9FA-5838C592AED2}"
EndProject
Project("{8BC9CEB8-8B4A-11D0-8D11-00A0C91BC942}") = "VI.Core", "VI.Core\VI.Core.vcxproj", "{991D2B0B-2C4E-4B0E-8034-9CDF2A1E09F9}"
EndProject
Global
	GlobalSection(SolutionConfigurationPlatforms) = preSolution
		Debug|Any CPU = Debug|Any CPU
		Debug|x64 = Debug|x64
		Debug|x86 = Debug|x86
		Release|Any CPU = Release|Any CPU
		Release|x64 = Release|x64
		Release|x86 = Release|x86
	EndGlobalSection
	GlobalSection(ProjectConfigurationPlatforms) = postSolution
		{A8389A15-0F02-4F7E-BE72-FFB680FECC6C}.Debug|Any CPU.ActiveCfg = Debug|Any CPU
		{A8389A15-0F02-4F7E-BE72-FFB680FECC6C}.Debug|Any CPU.Build.0 = Debug|Any CPU
		{A8389A15-0F02-4F7E-BE72-FFB680FECC6C}.Debug|x64.ActiveCfg = Debug|x64
		{A8389A15-0F02-4F7E-BE72-FFB680FECC6C}.Debug|x64.Build.0 = Debug|x64
		{A8389A15-0F02-4F7E-BE72-FFB680FECC6C}.Debug|x86.ActiveCfg = Debug|Any CPU
		{A8389A15-0F02-4F7E-BE72-FFB680FECC6C}.Debug|x86.Build.0 = Debug|Any CPU
		{A8389A15-0F02-4F7E-BE72-FFB680FECC6C}.Release|Any CPU.ActiveCfg = Release|Any CPU
		{A8389A15-0F02-4F7E-BE72-FFB680FECC6C}.Release|Any CPU.Build.0 = Release|Any CPU
		{A8389A15-0F02-4F7E-BE72-FFB680FECC6C}.Release|x64.ActiveCfg = Release|x64
		{A8389A15-0F02-4F7E-BE72-FFB680FECC6C}.Release|x64.Build.0 = Release|x64
		{A8389A15-0F02-4F7E-BE72-FFB680FECC6C}.Release|x86.ActiveCfg = Release|Any CPU
		{A8389A15-0F02-4F7E-BE72-FFB680FECC6C}.Release|x86.Build.0 = Release|Any CPU
		{8453F428-5A3D-4532-A9CC-4F4E41E07192}.Debug|Any CPU.ActiveCfg = Debug|Any CPU
		{8453F428-5A3D-4532-A9CC-4F4E41E07192}.Debug|Any CPU.Build.0 = Debug|Any CPU
		{8453F428-5A3D-4532-A9CC-4F4E41E07192}.Debug|x64.ActiveCfg = Debug|x64
		{8453F428-5A3D-4532-A9CC-4F4E41E07192}.Debug|x64.Build.0 = Debug|x64
		{8453F428-5A3D-4532-A9CC-4F4E41E07192}.Debug|x86.ActiveCfg = Debug|Any CPU
		{8453F428-5A3D-4532-A9CC-4F4E41E07192}.Debug|x86.Build.0 = Debug|Any CPU
		{8453F428-5A3D-4532-A9CC-4F4E41E07192}.Release|Any CPU.ActiveCfg = Release|Any CPU
		{8453F428-5A3D-4532-A9CC-4F4E41E07192}.Release|Any CPU.Build.0 = Release|Any CPU
		{8453F428-5A3D-4532-A9CC-4F4E41E07192}.Release|x64.ActiveCfg = Release|x64
		{8453F428-5A3D-4532-A9CC-4F4E41E07192}.Release|x64.Build.0 = Release|x64
		{8453F428-5A3D-4532-A9CC-4F4E41E07192}.Release|x86.ActiveCfg = Release|Any CPU
		{8453F428-5A3D-4532-A9CC-4F4E41E07192}.Release|x86.Build.0 = Release|Any CPU
		{945410AC-9D2E-4255-8524-5E3203469947}.Debug|Any CPU.ActiveCfg = Debug|Any CPU
		{945410AC-9D2E-4255-8524-5E3203469947}.Debug|Any CPU.Build.0 = Debug|Any CPU
		{945410AC-9D2E-4255-8524-5E3203469947}.Debug|x64.ActiveCfg = Debug|x64
		{945410AC-9D2E-4255-8524-5E3203469947}.Debug|x64.Build.0 = Debug|x64
		{945410AC-9D2E-4255-8524-5E3203469947}.Debug|x86.ActiveCfg = Debug|Any CPU
		{945410AC-9D2E-4255-8524-5E3203469947}.Debug|x86.Build.0 = Debug|Any CPU
		{945410AC-9D2E-4255-8524-5E3203469947}.Release|Any CPU.ActiveCfg = Release|Any CPU
		{945410AC-9D2E-4255-8524-5E3203469947}.Release|Any CPU.Build.0 = Release|Any CPU
		{945410AC-9D2E-4255-8524-5E3203469947}.Release|x64.ActiveCfg = Release|x64
		{945410AC-9D2E-4255-8524-5E3203469947}.Release|x64.Build.0 = Release|x64
		{945410AC-9D2E-4255-8524-5E3203469947}.Release|x86.ActiveCfg = Release|Any CPU
		{945410AC-9D2E-4255-8524-5E3203469947}.Release|x86.Build.0 = Release|Any CPU
		{684B349A-83BA-4A1C-B534-737AD86FC942}.Debug|Any CPU.ActiveCfg = Debug|Any CPU
		{684B349A-83BA-4A1C-B534-737AD86FC942}.Debug|Any CPU.Build.0 = Debug|Any CPU
		{684B349A-83BA-4A1C-B534-737AD86FC942}.Debug|x64.ActiveCfg = Debug|x64
		{684B349A-83BA-4A1C-B534-737AD86FC942}.Debug|x64.Build.0 = Debug|x64
		{684B349A-83BA-4A1C-B534-737AD86FC942}.Debug|x86.ActiveCfg = Debug|Any CPU
		{684B349A-83BA-4A1C-B534-737AD86FC942}.Debug|x86.Build.0 = Debug|Any CPU
		{684B349A-83BA-4A1C-B534-737AD86FC942}.Release|Any CPU.ActiveCfg = Release|Any CPU
		{684B349A-83BA-4A1C-B534-737AD86FC942}.Release|Any CPU.Build.0 = Release|Any CPU
		{684B349A-83BA-4A1C-B534-737AD86FC942}.Release|x64.ActiveCfg = Release|x64
		{684B349A-83BA-4A1C-B534-737AD86FC942}.Release|x64.Build.0 = Release|x64
		{684B349A-83BA-4A1C-B534-737AD86FC942}.Release|x86.ActiveCfg = Release|Any CPU
		{684B349A-83BA-4A1C-B534-737AD86FC942}.Release|x86.Build.0 = Release|Any CPU
		{2D1D2592-3DA2-4AA4-8A41-7E7EB2603734}.Debug|Any CPU.ActiveCfg = Debug|Any CPU
		{2D1D2592-3DA2-4AA4-8A41-7E7EB2603734}.Debug|Any CPU.Build.0 = Debug|Any CPU
		{2D1D2592-3DA2-4AA4-8A41-7E7EB2603734}.Debug|x64.ActiveCfg = Debug|Any CPU
		{2D1D2592-3DA2-4AA4-8A41-7E7EB2603734}.Debug|x64.Build.0 = Debug|Any CPU
		{2D1D2592-3DA2-4AA4-8A41-7E7EB2603734}.Debug|x86.ActiveCfg = Debug|Any CPU
		{2D1D2592-3DA2-4AA4-8A41-7E7EB2603734}.Debug|x86.Build.0 = Debug|Any CPU
		{2D1D2592-3DA2-4AA4-8A41-7E7EB2603734}.Release|Any CPU.ActiveCfg = Release|Any CPU
		{2D1D2592-3DA2-4AA4-8A41-7E7EB2603734}.Release|Any CPU.Build.0 = Release|Any CPU
		{2D1D2592-3DA2-4AA4-8A41-7E7EB2603734}.Release|x64.ActiveCfg = Release|Any CPU
		{2D1D2592-3DA2-4AA4-8A41-7E7EB2603734}.Release|x64.Build.0 = Release|Any CPU
		{2D1D2592-3DA2-4AA4-8A41-7E7EB2603734}.Release|x86.ActiveCfg = Release|Any CPU
		{2D1D2592-3DA2-4AA4-8A41-7E7EB2603734}.Release|x86.Build.0 = Release|Any CPU
		{0F67B901-A4A5-455A-A9FA-5838C592AED2}.Debug|Any CPU.ActiveCfg = Debug|Any CPU
		{0F67B901-A4A5-455A-A9FA-5838C592AED2}.Debug|Any CPU.Build.0 = Debug|Any CPU
		{0F67B901-A4A5-455A-A9FA-5838C592AED2}.Debug|x64.ActiveCfg = Debug|Any CPU
		{0F67B901-A4A5-455A-A9FA-5838C592AED2}.Debug|x64.Build.0 = Debug|Any CPU
		{0F67B901-A4A5-455A-A9FA-5838C592AED2}.Debug|x86.ActiveCfg = Debug|Any CPU
		{0F67B901-A4A5-455A-A9FA-5838C592AED2}.Debug|x86.Build.0 = Debug|Any CPU
		{0F67B901-A4A5-455A-A9FA-5838C592AED2}.Release|Any CPU.ActiveCfg = Release|Any CPU
		{0F67B901-A4A5-455A-A9FA-5838C592AED2}.Release|Any CPU.Build.0 = Release|Any CPU
		{0F67B901-A4A5-455A-A9FA-5838C592AED2}.Release|x64.ActiveCfg = Release|Any CPU
		{0F67B901-A4A5-455A-A9FA-5838C592AED2}.Release|x64.Build.0 = Release|Any CPU
		{0F67B901-A4A5-455A-A9FA-5838C592AED2}.Release|x86.ActiveCfg = Release|Any CPU
		{0F67B901-A4A5-455A-A9FA-5838C592AED2}.Release|x86.Build.0 = Release|Any CPU
		{991D2B0B-2C4E-4B0E-8034-9CDF2A1E09F9}.Debug|Any CPU.ActiveCfg = Debug|Win32
		{991D2B0B-2C4E-4B0E-8034-9CDF2A1E09F9}.Debug|x64.ActiveCfg = Debug|x64
		{991D2B0B-2C4E-4B0E-8034-9CDF2A1E09F9}.Debug|x64.Build.0 = Debug|x64
		{991D2B0B-2C4E-4B0E-8034-9CDF2A1E09F9}.Debug|x86.ActiveCfg = Debug|Win32
		{991D2B0B-2C4E-4B0E-8034-9CDF2A1E09F9}.Debug|x86.Build.0 = Debug|Win32
		{991D2B0B-2C4E-4B0E-8034-9CDF2A1E09F9}.Release|Any CPU.ActiveCfg = Release|Win32
		{991D2B0B-2C4E-4B0E-8034-9CDF2A1E09F9}.Release|x64.ActiveCfg = Release|x64
		{991D2B0B-2C4E-4B0E-8034-9CDF2A1E09F9}.Release|x64.Build.0 = Release|x64
		{991D2B0B-2C4E-4B0E-8034-9CDF2A1E09F9}.Release|x86.ActiveCfg = Release|Win32
		{991D2B0B-2C4E-4B0E-8034-9CDF2A1E09F9}.Release|x86.Build.0 = Release|Win32
	EndGlobalSection
	GlobalSection(SolutionProperties) = preSolution
		HideSolutionNode = FALSE
	EndGlobalSection
	GlobalSection(ExtensibilityGlobals) = postSolution
		SolutionGuid = {2B8A0631-A184-4AFF-8D32-D835CBF30805}
	EndGlobalSection
EndGlobal
